
Microsoft Visual Studio Solution File, Format Version 12.00
Project("{FAE04EC0-301F-11D3-BF4B-00C04F79EFBC}") = "Lab 4", "Lab 4\Lab 4.csproj", "{0DE2DE8F-E349-479F-8976-E3FDA2A7320C}"
EndProject
Project("{FAE04EC0-301F-11D3-BF4B-00C04F79EFBC}") = "Lab 5", "Lab 5\Lab 5.csproj", "{1AE1FF1A-54C2-4AF1-8B8C-2C26EF7BCDCC}"
EndProject
Project("{FAE04EC0-301F-11D3-BF4B-00C04F79EFBC}") = "Lab 6", "Lab 6\Lab 6.csproj", "{12710444-E914-4A48-B275-E4C9EBFEACBD}"
EndProject
Global
	GlobalSection(SolutionConfigurationPlatforms) = preSolution
		Debug|Any CPU = Debug|Any CPU
		Release|Any CPU = Release|Any CPU
	EndGlobalSection
	GlobalSection(ProjectConfigurationPlatforms) = postSolution
		{0DE2DE8F-E349-479F-8976-E3FDA2A7320C}.Debug|Any CPU.ActiveCfg = Debug|Any CPU
		{0DE2DE8F-E349-479F-8976-E3FDA2A7320C}.Debug|Any CPU.Build.0 = Debug|Any CPU
		{0DE2DE8F-E349-479F-8976-E3FDA2A7320C}.Release|Any CPU.ActiveCfg = Release|Any CPU
		{0DE2DE8F-E349-479F-8976-E3FDA2A7320C}.Release|Any CPU.Build.0 = Release|Any CPU
		{1AE1FF1A-54C2-4AF1-8B8C-2C26EF7BCDCC}.Debug|Any CPU.ActiveCfg = Debug|Any CPU
		{1AE1FF1A-54C2-4AF1-8B8C-2C26EF7BCDCC}.Debug|Any CPU.Build.0 = Debug|Any CPU
		{1AE1FF1A-54C2-4AF1-8B8C-2C26EF7BCDCC}.Release|Any CPU.ActiveCfg = Release|Any CPU
		{1AE1FF1A-54C2-4AF1-8B8C-2C26EF7BCDCC}.Release|Any CPU.Build.0 = Release|Any CPU
		{12710444-E914-4A48-B275-E4C9EBFEACBD}.Debug|Any CPU.ActiveCfg = Debug|Any CPU
		{12710444-E914-4A48-B275-E4C9EBFEACBD}.Debug|Any CPU.Build.0 = Debug|Any CPU
		{12710444-E914-4A48-B275-E4C9EBFEACBD}.Release|Any CPU.ActiveCfg = Release|Any CPU
		{12710444-E914-4A48-B275-E4C9EBFEACBD}.Release|Any CPU.Build.0 = Release|Any CPU
	EndGlobalSection
EndGlobal
