
Microsoft Visual Studio Solution File, Format Version 12.00
Project("{FAE04EC0-301F-11D3-BF4B-00C04F79EFBC}") = "Lab 4", "Lab 4\Lab 4.csproj", "{0DE2DE8F-E349-479F-8976-E3FDA2A7320C}"
EndProject
Global
	GlobalSection(SolutionConfigurationPlatforms) = preSolution
		Debug|Any CPU = Debug|Any CPU
		Release|Any CPU = Release|Any CPU
	EndGlobalSection
	GlobalSection(ProjectConfigurationPlatforms) = postSolution
		{0DE2DE8F-E349-479F-8976-E3FDA2A7320C}.Debug|Any CPU.ActiveCfg = Debug|Any CPU
		{0DE2DE8F-E349-479F-8976-E3FDA2A7320C}.Debug|Any CPU.Build.0 = Debug|Any CPU
		{0DE2DE8F-E349-479F-8976-E3FDA2A7320C}.Release|Any CPU.ActiveCfg = Release|Any CPU
		{0DE2DE8F-E349-479F-8976-E3FDA2A7320C}.Release|Any CPU.Build.0 = Release|Any CPU
	EndGlobalSection
EndGlobal
